dependencies:
- name: kubeshark
  repository: file://charts/kubeshark
  version: 52.3.91
- name: cilium
  repository: https://helm.cilium.io
  version: 1.17.3
- name: r-agent
  repository: file://charts/r-agent
  version: 0.0.1
digest: sha256:6b45c04dc71931476e7f516d42cc16a89f849d5044e12fa4f7e89cd00a39e879
generated: "2025-04-22T20:18:04.0451028+02:00"
